
Microsoft Visual Studio Solution File, Format Version 12.00
# Visual Studio Version 17
VisualStudioVersion = 17.9.34622.214
MinimumVisualStudioVersion = 10.0.40219.1
Project("{FAE04EC0-301F-11D3-BF4B-00C04F79EFBC}") = "BookHelper", "BookHelper\BookHelper.csproj", "{8E2011C3-67F1-465E-94D9-774F022DF4CF}"
EndProject
Global
	GlobalSection(SolutionConfigurationPlatforms) = preSolution
		Debug|Any CPU = Debug|Any CPU
		Release|Any CPU = Release|Any CPU
	EndGlobalSection
	GlobalSection(ProjectConfigurationPlatforms) = postSolution
		{8E2011C3-67F1-465E-94D9-774F022DF4CF}.Debug|Any CPU.ActiveCfg = Debug|Any CPU
		{8E2011C3-67F1-465E-94D9-774F022DF4CF}.Debug|Any CPU.Build.0 = Debug|Any CPU
		{8E2011C3-67F1-465E-94D9-774F022DF4CF}.Release|Any CPU.ActiveCfg = Release|Any CPU
		{8E2011C3-67F1-465E-94D9-774F022DF4CF}.Release|Any CPU.Build.0 = Release|Any CPU
	EndGlobalSection
	GlobalSection(SolutionProperties) = preSolution
		HideSolutionNode = FALSE
	EndGlobalSection
	GlobalSection(ExtensibilityGlobals) = postSolution
		SolutionGuid = {4752279D-0FD7-4C03-B275-878C9B14A643}
	EndGlobalSection
EndGlobal
